# namir test-asset manifest (crates/namir-fixtures/assets.lock) -- NFR-LIC-050: "Test assets in
# the repository -- NAM models, impulse responses, audio signals -- shall be either generated by
# this project or carry a licence permitting redistribution, recorded in a manifest."
#
# Machine-generated except for the provenance column, which is a human declaration and is carried
# forward verbatim by --write. Regenerate with `cargo run -p xtask -- assets --write`, then edit
# any `unrecorded` line to say where that file came from.
#
# Columns: path size-in-bytes blake3 provenance. One line per asset, sorted by path.
# Provenance is `generated` (produced by this project, D-19.1/AQ-4), `licensed:<SPDX>` (a
# third-party asset redistributable under that licence), or `unrecorded` (which fails the gate).
format_version 1
crates/namir-clap/tests/golden/fr-cfg-020/input.f32 98304 19a47dfe6055d67ce3ad78e5e9bc292c522b8c0d02eca74271653b7cd4e2bce3 generated
crates/namir-clap/tests/golden/fr-cfg-020/preset.namirpreset 13151 47f4b3f1444581db8a11a8eed82c878cfaa576cb3aefaef5c3976aabb913030c generated
crates/namir-ir/fuzz/corpus/load_ir/mutated_0.bin 174 22ccc18c29c083ed10fe687e875996c06c7512ee256296891b3e5228f14203c9 generated
crates/namir-ir/fuzz/corpus/load_ir/mutated_1.bin 24 722947876ebc3a8699963eaf8491b77e14e1a2921f33682fd1a8ef0823386a08 generated
crates/namir-ir/fuzz/corpus/load_ir/mutated_2.bin 174 21a330d6dc6b4d45f31f14a7baf5b3e07bf28ad6ed8c4881041a58e7c96249bc generated
crates/namir-ir/fuzz/corpus/load_ir/mutated_3.bin 174 4f0de946164b2e18a596e3c293d878d619ad81d2c82913896a3dc5706bd2d654 generated
crates/namir-ir/fuzz/corpus/load_ir/valid_delta.wav 174 7a712fd6454b22ed1dad8d1e404479abf98ff284254889738295216360bc9227 generated
crates/namir-ir/fuzz/corpus/probe_wav/mutated_0.bin 172 128de7f254e74d92587bead1e30a1052f5e58258e24558e2092063f4e8b8f072 generated
crates/namir-ir/fuzz/corpus/probe_wav/mutated_1.bin 22 5c12c3c03937bde3b9a6524ec01efed575ad63bf62f941bac92d9f75b4fc7690 generated
crates/namir-ir/fuzz/corpus/probe_wav/mutated_2.bin 172 e58c28f83ed74215bf127288fea28227be97c5bd120ea3baccbba224d43bbced generated
crates/namir-ir/fuzz/corpus/probe_wav/mutated_3.bin 172 f2764a3c263c4a5a73219e506661e5446461b75d8aefdb7f36e6d55cb4fb017d generated
crates/namir-ir/fuzz/corpus/probe_wav/mutated_4.bin 172 e5a93f18ce8ae9af8ecfc4ee1850dc48b513b4e975d7aad6618ce9de2d643ff0 generated
crates/namir-ir/fuzz/corpus/probe_wav/mutated_5.bin 172 7bd02d43f78adde9f1dcf1df077016b887f480b305c16901cab0955b56ff6400 generated
crates/namir-ir/fuzz/corpus/probe_wav/valid_delta.wav 172 4dfc3359f6a97e6e9688e143df2c15c4d82ec1ef879ad82aa498567ee4ac497c generated
crates/namir-nam/fuzz/corpus/load_nam/mutated_0.bin 7638 bed0ee6a786576da4fda5b804c527026feefc26569abd6e0ba758921010582a3 generated
crates/namir-nam/fuzz/corpus/load_nam/mutated_1.bin 998 216e2add66aca352470ddbc4369b213af5b8c79fdd6ff26540ec424390299d25 generated
crates/namir-nam/fuzz/corpus/load_nam/mutated_2.bin 5141 da1284add61cb3495752605696ddc1e47a0f9fc85842f967cd6b2b478e56a0b2 generated
crates/namir-nam/fuzz/corpus/load_nam/mutated_3.bin 5159 f248e38d6bcd8d30439a921b7ef9799321f3ec821cb51b0e1f72c98879a0c92d generated
crates/namir-nam/fuzz/corpus/load_nam/mutated_4.bin 5160 f1956a7f18653848cf4cf95d213afafb77fbd27a1f7abf0b7fdca404e49a1cf2 generated
crates/namir-nam/fuzz/corpus/load_nam/mutated_5.bin 5149 d94cc5acd5903057b75fab7ee14aea2aa0719911d809acab07bd54715b64933a generated
crates/namir-nam/fuzz/corpus/load_nam/valid_nano.json 7638 7db35fbd8d6c227353525b13e787fabfb88778562f17cc69dd2b21a2ec07b75e generated
crates/namir-nam/tests/golden/a2_full.nam 205986 9cea282d2e177cb3265046f093757ff023719b6a812f1b5dfb4e063061f8a18e generated
crates/namir-nam/tests/golden/a2_full_reference.wav 1920044 8ceee6870bb58f673f581e9fe981fd41ee0b423a69cf2317cfade4d648990a68 generated
crates/namir-nam/tests/golden/a2_lite.nam 33800 aae57777dd91667c1ba9e9bacdfda1e182efc9da6132f3073033b678c1ba2aa2 generated
crates/namir-nam/tests/golden/a2_lite_reference.wav 1920044 595df13ad889cf40d76f77dea7e72da46ea38e5bdb00f2a3c32416c146acca48 generated
crates/namir-nam/tests/golden/input_10s.wav 960044 83d7e9b4b678fd0e77e19af8032613236e9663337f499c30c0c14c895ac75721 generated
crates/namir-nam/tests/golden/lstm_tiny.nam 2206 cd8798f4487db99c87b2d20b62f3310ede9710fe748dac7218b67e241fd008c5 generated
crates/namir-nam/tests/golden/lstm_tiny_reference.wav 1920044 a038be202b5b99f07930e43c4f4760bc6353cbbd9c874cf2c1bf11317e08881f generated
crates/namir-nam/tests/golden/wavenet_nano.nam 7594 ffd63280ee319ef7a14a1a4efe9f684b14300da490a3317e94b408843cdab93c generated
crates/namir-nam/tests/golden/wavenet_nano_reference.wav 1920044 8addcedc1d5c22d9222387e9c1e327a6f2ce8cb88fa02403e7f93ec076ca74f4 generated
crates/namir-state/fuzz/corpus/read_state/mutated_0.bin 1296 540764201e1955c85b71a38e5592073c7058a8b4a4fff2c702ca1c9b6d713d4c generated
crates/namir-state/fuzz/corpus/read_state/mutated_1.bin 169 28cac7cfbb0046e3a08e78d087e9b6edbfb6b3a8d036986382679d1095af273e generated
crates/namir-state/fuzz/corpus/read_state/mutated_2.bin 994 e3f7ab3880d8dffd8af0c4e9dff125ed193d7e9b9ae415cd2e66041b79967c39 generated
crates/namir-state/fuzz/corpus/read_state/mutated_3.bin 1032 01969bd50afcd3cd6a2882f25b06fd63b385da518aabad6d3d16f2d9f99a6f39 generated
crates/namir-state/fuzz/corpus/read_state/valid_state.namirpreset 1296 bcf2a43fea9a6e4ac3103080c6c9333404e60e26b52ffdacda35cde371900040 generated
crates/namir-state/tests/corpus/unreleased-v1/full.namirpreset 1026 8ceaf9529014d4337e9855c2ca5ab03a218e12b19ce0adea56c05924d0d2659a generated
crates/namir-state/tests/corpus/unreleased-v1/future-version.namirpreset 73 48376504b9a314e8800d0673681475c80b52423911b25efaf1c992b55e778828 generated
crates/namir-state/tests/corpus/unreleased-v1/legacy-global-section.namirpreset 132 aaca262ed95e0e9a4b26fba334ea40146b6ef68d2c0f623b5e41f38275f653d9 generated
crates/namir-state/tests/corpus/unreleased-v1/minimal.namirpreset 26 f83070701468b0a74d5a036d9641fb9cce6e178f63873d6d0245ad5f06675c5b generated
crates/namir-state/tests/corpus/unreleased-v1/references.namirpreset 773 6b2cb3de725faeb34925241861290eaccf3d6dac609ffbc31154c6c072163c84 generated
crates/namir-state/tests/corpus/unreleased-v1/unknown-fields.namirpreset 238 2ef762cddb9a8f88d67994d63a905d40aa8ad5e0e40d0f455058b547b3082e6f generated
crates/namir-ui/src/brand/namir_mark.alpha 34376 e2fe4192d1a6e88840851685cac80ac9a8c15e76ffbd947153805e95c997e86a generated
